
Microsoft Visual Studio Solution File, Format Version 12.00
# Visual Studio Version 16
VisualStudioVersion = 16.0.31424.327
MinimumVisualStudioVersion = 10.0.40219.1
Project("{FAE04EC0-301F-11D3-BF4B-00C04F79EFBC}") = "Quick Sort", "Quick Sort\Quick Sort.csproj", "{525FEF10-7D58-4050-8420-F2BE9DACED3A}"
EndProject
Global
	GlobalSection(SolutionConfigurationPlatforms) = preSolution
		Debug|Any CPU = Debug|Any CPU
		Release|Any CPU = Release|Any CPU
	EndGlobalSection
	GlobalSection(ProjectConfigurationPlatforms) = postSolution
		{525FEF10-7D58-4050-8420-F2BE9DACED3A}.Debug|Any CPU.ActiveCfg = Debug|Any CPU
		{525FEF10-7D58-4050-8420-F2BE9DACED3A}.Debug|Any CPU.Build.0 = Debug|Any CPU
		{525FEF10-7D58-4050-8420-F2BE9DACED3A}.Release|Any CPU.ActiveCfg = Release|Any CPU
		{525FEF10-7D58-4050-8420-F2BE9DACED3A}.Release|Any CPU.Build.0 = Release|Any CPU
	EndGlobalSection
	GlobalSection(SolutionProperties) = preSolution
		HideSolutionNode = FALSE
	EndGlobalSection
	GlobalSection(ExtensibilityGlobals) = postSolution
		SolutionGuid = {37D26515-91D6-4F99-B76E-A3920CAB82E5}
	EndGlobalSection
EndGlobal
